
Microsoft Visual Studio Solution File, Format Version 12.00
# Visual Studio Version 17
VisualStudioVersion = 17.10.34916.146
MinimumVisualStudioVersion = 10.0.40219.1
Project("{FAE04EC0-301F-11D3-BF4B-00C04F79EFBC}") = "EscuelaDS", "EscuelaDS\EscuelaDS.csproj", "{F7E727AC-D27E-45BE-B2D4-85B8E8D26DF4}"
EndProject
Global
	GlobalSection(SolutionConfigurationPlatforms) = preSolution
		Debug|Any CPU = Debug|Any CPU
		Release|Any CPU = Release|Any CPU
	EndGlobalSection
	GlobalSection(ProjectConfigurationPlatforms) = postSolution
		{F7E727AC-D27E-45BE-B2D4-85B8E8D26DF4}.Debug|Any CPU.ActiveCfg = Debug|Any CPU
		{F7E727AC-D27E-45BE-B2D4-85B8E8D26DF4}.Debug|Any CPU.Build.0 = Debug|Any CPU
		{F7E727AC-D27E-45BE-B2D4-85B8E8D26DF4}.Release|Any CPU.ActiveCfg = Release|Any CPU
		{F7E727AC-D27E-45BE-B2D4-85B8E8D26DF4}.Release|Any CPU.Build.0 = Release|Any CPU
	EndGlobalSection
	GlobalSection(SolutionProperties) = preSolution
		HideSolutionNode = FALSE
	EndGlobalSection
	GlobalSection(ExtensibilityGlobals) = postSolution
		SolutionGuid = {61200DAE-AD8A-41EC-8912-F827C37A55E1}
	EndGlobalSection
EndGlobal
